
Microsoft Visual Studio Solution File, Format Version 12.00
# Visual Studio 14
VisualStudioVersion = 14.0.25420.1
MinimumVisualStudioVersion = 10.0.40219.1
Project("{FAE04EC0-301F-11D3-BF4B-00C04F79EFBC}") = "Shared", "Shared\Shared.csproj", "{5227A0F6-C8CD-4A8B-B8BB-870BDE42F88B}"
EndProject
Project("{FAE04EC0-301F-11D3-BF4B-00C04F79EFBC}") = "Admin", "Admin\Admin.csproj", "{0ADE9646-30D3-48CE-BCDE-8A1684401973}"
EndProject
Project("{FAE04EC0-301F-11D3-BF4B-00C04F79EFBC}") = "MultipartFormDataMediaFormatter", "MultipartFormDataFormatter\MultipartFormDataMediaFormatter.csproj", "{1F851995-9C6B-4B34-82AF-AC4E075F00C2}"
EndProject
Project("{FAE04EC0-301F-11D3-BF4B-00C04F79EFBC}") = "iConfess.Database", "iConfess.Database\iConfess.Database.csproj", "{0C4B39BE-CF91-47D4-BE5B-31E6AFE16667}"
EndProject
Global
	GlobalSection(SolutionConfigurationPlatforms) = preSolution
		Debug|Any CPU = Debug|Any CPU
		Release|Any CPU = Release|Any CPU
	EndGlobalSection
	GlobalSection(ProjectConfigurationPlatforms) = postSolution
		{5227A0F6-C8CD-4A8B-B8BB-870BDE42F88B}.Debug|Any CPU.ActiveCfg = Debug|Any CPU
		{5227A0F6-C8CD-4A8B-B8BB-870BDE42F88B}.Debug|Any CPU.Build.0 = Debug|Any CPU
		{5227A0F6-C8CD-4A8B-B8BB-870BDE42F88B}.Release|Any CPU.ActiveCfg = Release|Any CPU
		{5227A0F6-C8CD-4A8B-B8BB-870BDE42F88B}.Release|Any CPU.Build.0 = Release|Any CPU
		{0ADE9646-30D3-48CE-BCDE-8A1684401973}.Debug|Any CPU.ActiveCfg = Debug|Any CPU
		{0ADE9646-30D3-48CE-BCDE-8A1684401973}.Debug|Any CPU.Build.0 = Debug|Any CPU
		{0ADE9646-30D3-48CE-BCDE-8A1684401973}.Release|Any CPU.ActiveCfg = Release|Any CPU
		{0ADE9646-30D3-48CE-BCDE-8A1684401973}.Release|Any CPU.Build.0 = Release|Any CPU
		{1F851995-9C6B-4B34-82AF-AC4E075F00C2}.Debug|Any CPU.ActiveCfg = Debug|Any CPU
		{1F851995-9C6B-4B34-82AF-AC4E075F00C2}.Debug|Any CPU.Build.0 = Debug|Any CPU
		{1F851995-9C6B-4B34-82AF-AC4E075F00C2}.Release|Any CPU.ActiveCfg = Release|Any CPU
		{1F851995-9C6B-4B34-82AF-AC4E075F00C2}.Release|Any CPU.Build.0 = Release|Any CPU
		{0C4B39BE-CF91-47D4-BE5B-31E6AFE16667}.Debug|Any CPU.ActiveCfg = Debug|Any CPU
		{0C4B39BE-CF91-47D4-BE5B-31E6AFE16667}.Debug|Any CPU.Build.0 = Debug|Any CPU
		{0C4B39BE-CF91-47D4-BE5B-31E6AFE16667}.Release|Any CPU.ActiveCfg = Release|Any CPU
		{0C4B39BE-CF91-47D4-BE5B-31E6AFE16667}.Release|Any CPU.Build.0 = Release|Any CPU
	EndGlobalSection
	GlobalSection(SolutionProperties) = preSolution
		HideSolutionNode = FALSE
	EndGlobalSection
EndGlobal
