
Microsoft Visual Studio Solution File, Format Version 12.00
# Visual Studio 15
VisualStudioVersion = 15.0.27004.2009
MinimumVisualStudioVersion = 10.0.40219.1
Project("{9A19103F-16F7-4668-BE54-9A1E7A4F7556}") = "Main", "Main\Main.csproj", "{5816E240-2D22-4300-8CD0-06FB63534F4F}"
EndProject
Project("{9A19103F-16F7-4668-BE54-9A1E7A4F7556}") = "Shared", "Shared\Shared.csproj", "{FE076F1A-9296-4942-B8EA-DB26D1ABEA06}"
EndProject
Project("{9A19103F-16F7-4668-BE54-9A1E7A4F7556}") = "SystemDatabase", "Entities\SystemDatabase.csproj", "{F1164B7D-6DEA-4C2A-881E-248C30222E2E}"
EndProject
Global
	GlobalSection(SolutionConfigurationPlatforms) = preSolution
		Debug|Any CPU = Debug|Any CPU
		Release|Any CPU = Release|Any CPU
	EndGlobalSection
	GlobalSection(ProjectConfigurationPlatforms) = postSolution
		{5816E240-2D22-4300-8CD0-06FB63534F4F}.Debug|Any CPU.ActiveCfg = Debug|Any CPU
		{5816E240-2D22-4300-8CD0-06FB63534F4F}.Debug|Any CPU.Build.0 = Debug|Any CPU
		{5816E240-2D22-4300-8CD0-06FB63534F4F}.Release|Any CPU.ActiveCfg = Release|Any CPU
		{5816E240-2D22-4300-8CD0-06FB63534F4F}.Release|Any CPU.Build.0 = Release|Any CPU
		{FE076F1A-9296-4942-B8EA-DB26D1ABEA06}.Debug|Any CPU.ActiveCfg = Debug|Any CPU
		{FE076F1A-9296-4942-B8EA-DB26D1ABEA06}.Debug|Any CPU.Build.0 = Debug|Any CPU
		{FE076F1A-9296-4942-B8EA-DB26D1ABEA06}.Release|Any CPU.ActiveCfg = Release|Any CPU
		{FE076F1A-9296-4942-B8EA-DB26D1ABEA06}.Release|Any CPU.Build.0 = Release|Any CPU
		{F1164B7D-6DEA-4C2A-881E-248C30222E2E}.Debug|Any CPU.ActiveCfg = Debug|Any CPU
		{F1164B7D-6DEA-4C2A-881E-248C30222E2E}.Debug|Any CPU.Build.0 = Debug|Any CPU
		{F1164B7D-6DEA-4C2A-881E-248C30222E2E}.Release|Any CPU.ActiveCfg = Release|Any CPU
		{F1164B7D-6DEA-4C2A-881E-248C30222E2E}.Release|Any CPU.Build.0 = Release|Any CPU
	EndGlobalSection
	GlobalSection(SolutionProperties) = preSolution
		HideSolutionNode = FALSE
	EndGlobalSection
	GlobalSection(ExtensibilityGlobals) = postSolution
		SolutionGuid = {50F70D8B-B4D7-46D5-86B2-F85DCC78DCC4}
	EndGlobalSection
EndGlobal
