
Microsoft Visual Studio Solution File, Format Version 12.00
# Visual Studio 15
VisualStudioVersion = 15.0.27004.2009
MinimumVisualStudioVersion = 10.0.40219.1
Project("{2150E333-8FDC-42A3-9474-1A3956D46DE8}") = "Solution Items", "Solution Items", "{1F0D4F55-C752-47B9-BEFE-292F87FE36FC}"
EndProject
Project("{9A19103F-16F7-4668-BE54-9A1E7A4F7556}") = "Ordinary", "Ordinary\Ordinary.csproj", "{0523738B-C89D-45BB-9761-968C5F0A3EB8}"
EndProject
Project("{9A19103F-16F7-4668-BE54-9A1E7A4F7556}") = "Shared", "Shared\Shared.csproj", "{16A4E3C2-7668-4002-A2F6-F06239DD0EC7}"
EndProject
Project("{9A19103F-16F7-4668-BE54-9A1E7A4F7556}") = "Entities", "Database\Entities.csproj", "{153B11BD-EFCE-4D4B-86C1-85484F7324F0}"
EndProject
Global
	GlobalSection(SolutionConfigurationPlatforms) = preSolution
		Debug|Any CPU = Debug|Any CPU
		Release|Any CPU = Release|Any CPU
	EndGlobalSection
	GlobalSection(ProjectConfigurationPlatforms) = postSolution
		{0523738B-C89D-45BB-9761-968C5F0A3EB8}.Debug|Any CPU.ActiveCfg = Debug|Any CPU
		{0523738B-C89D-45BB-9761-968C5F0A3EB8}.Debug|Any CPU.Build.0 = Debug|Any CPU
		{0523738B-C89D-45BB-9761-968C5F0A3EB8}.Release|Any CPU.ActiveCfg = Release|Any CPU
		{0523738B-C89D-45BB-9761-968C5F0A3EB8}.Release|Any CPU.Build.0 = Release|Any CPU
		{16A4E3C2-7668-4002-A2F6-F06239DD0EC7}.Debug|Any CPU.ActiveCfg = Debug|Any CPU
		{16A4E3C2-7668-4002-A2F6-F06239DD0EC7}.Debug|Any CPU.Build.0 = Debug|Any CPU
		{16A4E3C2-7668-4002-A2F6-F06239DD0EC7}.Release|Any CPU.ActiveCfg = Release|Any CPU
		{16A4E3C2-7668-4002-A2F6-F06239DD0EC7}.Release|Any CPU.Build.0 = Release|Any CPU
		{153B11BD-EFCE-4D4B-86C1-85484F7324F0}.Debug|Any CPU.ActiveCfg = Debug|Any CPU
		{153B11BD-EFCE-4D4B-86C1-85484F7324F0}.Debug|Any CPU.Build.0 = Debug|Any CPU
		{153B11BD-EFCE-4D4B-86C1-85484F7324F0}.Release|Any CPU.ActiveCfg = Release|Any CPU
		{153B11BD-EFCE-4D4B-86C1-85484F7324F0}.Release|Any CPU.Build.0 = Release|Any CPU
	EndGlobalSection
	GlobalSection(SolutionProperties) = preSolution
		HideSolutionNode = FALSE
	EndGlobalSection
	GlobalSection(ExtensibilityGlobals) = postSolution
		SolutionGuid = {0FC89666-DD0E-48E9-86B9-8A0A26FAE095}
	EndGlobalSection
EndGlobal
